
Microsoft Visual Studio Solution File, Format Version 12.00
# Visual Studio Version 16
VisualStudioVersion = 16.0.30114.105
MinimumVisualStudioVersion = 10.0.40219.1
Project("{F2A71F9B-5D33-465A-A702-920D77279786}") = "Ionaltred.Users.Backend", "Ionaltred.Users.Backend\Ionaltred.Users.Backend.fsproj", "{8FBC86A4-37EB-4121-B19C-E769D9B2DC4D}"
EndProject
Project("{F2A71F9B-5D33-465A-A702-920D77279786}") = "Ionaltred.Users.Backend.Controller", "Ionaltred.Users.Backend.Controller\Ionaltred.Users.Backend.Controller.fsproj", "{9FF1DD22-2A8B-4017-B0FB-FD80A05CDEC0}"
EndProject
Project("{F2A71F9B-5D33-465A-A702-920D77279786}") = "Ionaltred.Users.Backend.Domain", "Ionaltred.Users.Backend.Domain\Ionaltred.Users.Backend.Domain.fsproj", "{3D06EC46-99F7-4B2F-9E90-AA7B2E82587B}"
EndProject
Global
	GlobalSection(SolutionConfigurationPlatforms) = preSolution
		Debug|Any CPU = Debug|Any CPU
		Release|Any CPU = Release|Any CPU
	EndGlobalSection
	GlobalSection(SolutionProperties) = preSolution
		HideSolutionNode = FALSE
	EndGlobalSection
	GlobalSection(ProjectConfigurationPlatforms) = postSolution
		{8FBC86A4-37EB-4121-B19C-E769D9B2DC4D}.Debug|Any CPU.ActiveCfg = Debug|Any CPU
		{8FBC86A4-37EB-4121-B19C-E769D9B2DC4D}.Debug|Any CPU.Build.0 = Debug|Any CPU
		{8FBC86A4-37EB-4121-B19C-E769D9B2DC4D}.Release|Any CPU.ActiveCfg = Release|Any CPU
		{8FBC86A4-37EB-4121-B19C-E769D9B2DC4D}.Release|Any CPU.Build.0 = Release|Any CPU
		{9FF1DD22-2A8B-4017-B0FB-FD80A05CDEC0}.Debug|Any CPU.ActiveCfg = Debug|Any CPU
		{9FF1DD22-2A8B-4017-B0FB-FD80A05CDEC0}.Debug|Any CPU.Build.0 = Debug|Any CPU
		{9FF1DD22-2A8B-4017-B0FB-FD80A05CDEC0}.Release|Any CPU.ActiveCfg = Release|Any CPU
		{9FF1DD22-2A8B-4017-B0FB-FD80A05CDEC0}.Release|Any CPU.Build.0 = Release|Any CPU
		{3D06EC46-99F7-4B2F-9E90-AA7B2E82587B}.Debug|Any CPU.ActiveCfg = Debug|Any CPU
		{3D06EC46-99F7-4B2F-9E90-AA7B2E82587B}.Debug|Any CPU.Build.0 = Debug|Any CPU
		{3D06EC46-99F7-4B2F-9E90-AA7B2E82587B}.Release|Any CPU.ActiveCfg = Release|Any CPU
		{3D06EC46-99F7-4B2F-9E90-AA7B2E82587B}.Release|Any CPU.Build.0 = Release|Any CPU
	EndGlobalSection
EndGlobal
